# generated by rye
# use `rye lock` or `rye sync` to update this lockfile
#
# last locked with the following flags:
#   pre: false
#   features: []
#   all-features: false
#   with-sources: false
#   generate-hashes: false

-e file:.
animalai==4.0.1
    # via animalai-stable-baselines
cloudpickle==3.0.0
    # via gym
    # via gymnasium
    # via mlagents-envs
    # via stable-baselines3
contourpy==1.2.0
    # via matplotlib
cycler==0.12.1
    # via matplotlib
farama-notifications==0.0.4
    # via gymnasium
filelock==3.13.1
    # via mlagents-envs
fonttools==4.46.0
    # via matplotlib
grpcio==1.60.0
    # via mlagents-envs
gym==0.26.2
    # via mlagents-envs
    # via pettingzoo
gym-notices==0.0.8
    # via gym
gymnasium==0.28.1
    # via shimmy
    # via stable-baselines3
importlib-metadata==7.0.0
    # via gym
    # via gymnasium
importlib-resources==6.1.1
    # via matplotlib
jax-jumpy==1.0.0
    # via gymnasium
kiwisolver==1.4.5
    # via matplotlib
matplotlib==3.8.2
    # via stable-baselines3
mlagents-envs==0.30.0
    # via animalai
numpy==1.21.2
    # via animalai
    # via contourpy
    # via gym
    # via gymnasium
    # via jax-jumpy
    # via matplotlib
    # via mlagents-envs
    # via pandas
    # via pettingzoo
    # via shimmy
    # via stable-baselines3
packaging==23.2
    # via matplotlib
pandas==2.0.3
    # via stable-baselines3
pettingzoo==1.15.0
    # via mlagents-envs
pillow==10.1.0
    # via matplotlib
    # via mlagents-envs
protobuf==3.20.3
    # via animalai
    # via mlagents-envs
pyparsing==3.1.1
    # via matplotlib
python-dateutil==2.8.2
    # via matplotlib
    # via pandas
pytz==2023.3.post1
    # via pandas
pyyaml==6.0.1
    # via mlagents-envs
sb3-contrib==1.7.0
    # via animalai-stable-baselines
shimmy==1.3.0
    # via animalai-stable-baselines
six==1.16.0
    # via python-dateutil
stable-baselines3==2.0.0
    # via animalai-stable-baselines
    # via sb3-contrib
torch==1.11.0
    # via stable-baselines3
typing-extensions==4.9.0
    # via gymnasium
    # via torch
tzdata==2023.3
    # via pandas
zipp==3.17.0
    # via importlib-metadata
    # via importlib-resources
